// !$*UTF8*$!
{
	archiveVersion = 1;
	classes = {
	};
	objectVersion = 46;
	objects = {

/* Begin PBXBuildFile section */
		793196B61DB6B83000126E17 /* AppDelegate.swift in Sources */ = {isa = PBXBuildFile; fileRef = 793196B51DB6B83000126E17 /* AppDelegate.swift */; };
		793196B81DB6B83000126E17 /* ViewController.swift in Sources */ = {isa = PBXBuildFile; fileRef = 793196B71DB6B83000126E17 /* ViewController.swift */; };
		793196BB1DB6B83000126E17 /* Main.storyboard in Resources */ = {isa = PBXBuildFile; fileRef = 793196B91DB6B83000126E17 /* Main.storyboard */; };
		793196BD1DB6B83000126E17 /* Assets.xcassets in Resources */ = {isa = PBXBuildFile; fileRef = 793196BC1DB6B83000126E17 /* Assets.xcassets */; };
		793196C01DB6B83000126E17 /* LaunchScreen.storyboard in Resources */ = {isa = PBXBuildFile; fileRef = 793196BE1DB6B83000126E17 /* LaunchScreen.storyboard */; };
		793196C81DB6BB9800126E17 /* pokemon.csv in Resources */ = {isa = PBXBuildFile; fileRef = 793196C71DB6BB9800126E17 /* pokemon.csv */; };
		793196CB1DB6BCC500126E17 /* Pokemon.swift in Sources */ = {isa = PBXBuildFile; fileRef = 793196CA1DB6BCC500126E17 /* Pokemon.swift */; };
		793196CD1DB6BFD600126E17 /* bg.jpg in Resources */ = {isa = PBXBuildFile; fileRef = 793196CC1DB6BFD600126E17 /* bg.jpg */; };
		793196D01DB6C27400126E17 /* PokeCell.swift in Sources */ = {isa = PBXBuildFile; fileRef = 793196CF1DB6C27400126E17 /* PokeCell.swift */; };
		796CE7CB1DB6D6670044F433 /* csv.swift in Sources */ = {isa = PBXBuildFile; fileRef = 796CE7CA1DB6D6670044F433 /* csv.swift */; };
		796CE7D21DB6DD8E0044F433 /* music.mp3 in Resources */ = {isa = PBXBuildFile; fileRef = 796CE7D11DB6DD8E0044F433 /* music.mp3 */; };
		796CE7D41DB6E5140044F433 /* PokemonDetailVC.swift in Sources */ = {isa = PBXBuildFile; fileRef = 796CE7D31DB6E5140044F433 /* PokemonDetailVC.swift */; };
		797708901DB8449200B52A05 /* Constants.swift in Sources */ = {isa = PBXBuildFile; fileRef = 7977088F1DB8449200B52A05 /* Constants.swift */; };
		79D03A771DBBAB7100457133 /* movesCell.swift in Sources */ = {isa = PBXBuildFile; fileRef = 79D03A761DBBAB7100457133 /* movesCell.swift */; };
		79ED322B1DB9916300813E7A /* PokemonHollow.ttf in Resources */ = {isa = PBXBuildFile; fileRef = 796CE7CC1DB6DA130044F433 /* PokemonHollow.ttf */; };
		79ED322C1DB9916D00813E7A /* Pokemon.ttf in Resources */ = {isa = PBXBuildFile; fileRef = 796CE7CD1DB6DA130044F433 /* Pokemon.ttf */; };
		A844522FC22C68C7E221C096 /* Pods_Pokedex.framework in Frameworks */ = {isa = PBXBuildFile; fileRef = 1A11DD026B37F05A2E5BC973 /* Pods_Pokedex.framework */; };
/* End PBXBuildFile section */

/* Begin PBXFileReference section */
		0DE4C8EC7EBAEB349919B595 /* Pods-Pokedex.debug.xcconfig */ = {isa = PBXFileReference; includeInIndex = 1; lastKnownFileType = text.xcconfig; name = "Pods-Pokedex.debug.xcconfig"; path = "Pods/Target Support Files/Pods-Pokedex/Pods-Pokedex.debug.xcconfig"; sourceTree = "<group>"; };
		1A11DD026B37F05A2E5BC973 /* Pods_Pokedex.framework */ = {isa = PBXFileReference; explicitFileType = wrapper.framework; includeInIndex = 0; path = Pods_Pokedex.framework; sourceTree = BUILT_PRODUCTS_DIR; };
		793196B21DB6B83000126E17 /* Pokedex.app */ = {isa = PBXFileReference; explicitFileType = wrapper.application; includeInIndex = 0; path = Pokedex.app; sourceTree = BUILT_PRODUCTS_DIR; };
		793196B51DB6B83000126E17 /* AppDelegate.swift */ = {isa = PBXFileReference; lastKnownFileType = sourcecode.swift; path = AppDelegate.swift; sourceTree = "<group>"; };
		793196B71DB6B83000126E17 /* ViewController.swift */ = {isa = PBXFileReference; lastKnownFileType = sourcecode.swift; path = ViewController.swift; sourceTree = "<group>"; };
		793196BA1DB6B83000126E17 /* Base */ = {isa = PBXFileReference; lastKnownFileType = file.storyboard; name = Base; path = Base.lproj/Main.storyboard; sourceTree = "<group>"; };
		793196BC1DB6B83000126E17 /* Assets.xcassets */ = {isa = PBXFileReference; lastKnownFileType = folder.assetcatalog; path = Assets.xcassets; sourceTree = "<group>"; };
		793196BF1DB6B83000126E17 /* Base */ = {isa = PBXFileReference; lastKnownFileType = file.storyboard; name = Base; path = Base.lproj/LaunchScreen.storyboard; sourceTree = "<group>"; };
		793196C11DB6B83000126E17 /* Info.plist */ = {isa = PBXFileReference; lastKnownFileType = text.plist.xml; path = Info.plist; sourceTree = "<group>"; };
		793196C71DB6BB9800126E17 /* pokemon.csv */ = {isa = PBXFileReference; fileEncoding = 4; lastKnownFileType = text; path = pokemon.csv; sourceTree = "<group>"; };
		793196CA1DB6BCC500126E17 /* Pokemon.swift */ = {isa = PBXFileReference; fileEncoding = 4; lastKnownFileType = sourcecode.swift; path = Pokemon.swift; sourceTree = "<group>"; };
		793196CC1DB6BFD600126E17 /* bg.jpg */ = {isa = PBXFileReference; lastKnownFileType = image.jpeg; path = bg.jpg; sourceTree = "<group>"; };
		793196CF1DB6C27400126E17 /* PokeCell.swift */ = {isa = PBXFileReference; fileEncoding = 4; lastKnownFileType = sourcecode.swift; path = PokeCell.swift; sourceTree = "<group>"; };
		796CE7CA1DB6D6670044F433 /* csv.swift */ = {isa = PBXFileReference; fileEncoding = 4; lastKnownFileType = sourcecode.swift; name = csv.swift; path = ../csv.swift; sourceTree = "<group>"; };
		796CE7CC1DB6DA130044F433 /* PokemonHollow.ttf */ = {isa = PBXFileReference; lastKnownFileType = file; path = PokemonHollow.ttf; sourceTree = "<group>"; };
		796CE7CD1DB6DA130044F433 /* Pokemon.ttf */ = {isa = PBXFileReference; lastKnownFileType = file; path = Pokemon.ttf; sourceTree = "<group>"; };
		796CE7D11DB6DD8E0044F433 /* music.mp3 */ = {isa = PBXFileReference; lastKnownFileType = audio.mp3; path = music.mp3; sourceTree = "<group>"; };
		796CE7D31DB6E5140044F433 /* PokemonDetailVC.swift */ = {isa = PBXFileReference; fileEncoding = 4; lastKnownFileType = sourcecode.swift; path = PokemonDetailVC.swift; sourceTree = "<group>"; };
		7977088F1DB8449200B52A05 /* Constants.swift */ = {isa = PBXFileReference; fileEncoding = 4; lastKnownFileType = sourcecode.swift; path = Constants.swift; sourceTree = "<group>"; };
		79D03A761DBBAB7100457133 /* movesCell.swift */ = {isa = PBXFileReference; fileEncoding = 4; lastKnownFileType = sourcecode.swift; path = movesCell.swift; sourceTree = "<group>"; };
		DC264D3BF5E15847F1E002D1 /* Pods-Pokedex.release.xcconfig */ = {isa = PBXFileReference; includeInIndex = 1; lastKnownFileType = text.xcconfig; name = "Pods-Pokedex.release.xcconfig"; path = "Pods/Target Support Files/Pods-Pokedex/Pods-Pokedex.release.xcconfig"; sourceTree = "<group>"; };
/* End PBXFileReference section */

/* Begin PBXFrameworksBuildPhase section */
		793196AF1DB6B83000126E17 /* Frameworks */ = {
			isa = PBXFrameworksBuildPhase;
			buildActionMask = 2147483647;
			files = (
				A844522FC22C68C7E221C096 /* Pods_Pokedex.framework in Frameworks */,
			);
			runOnlyForDeploymentPostprocessing = 0;
		};
/* End PBXFrameworksBuildPhase section */

/* Begin PBXGroup section */
		793196A91DB6B83000126E17 = {
			isa = PBXGroup;
			children = (
				793196B41DB6B83000126E17 /* Pokedex */,
				793196B31DB6B83000126E17 /* Products */,
				E0FB9D25BEEC57D621271934 /* Pods */,
				C58BAFDEBE65C914E5BA0E77 /* Frameworks */,
			);
			sourceTree = "<group>";
		};
		793196B31DB6B83000126E17 /* Products */ = {
			isa = PBXGroup;
			children = (
				793196B21DB6B83000126E17 /* Pokedex.app */,
			);
			name = Products;
			sourceTree = "<group>";
		};
		793196B41DB6B83000126E17 /* Pokedex */ = {
			isa = PBXGroup;
			children = (
				793196C91DB6BCAF00126E17 /* Model */,
				793196CE1DB6C24900126E17 /* View */,
				796CE7CE1DB6DA530044F433 /* Controller */,
				796CE7CF1DB6DA6C0044F433 /* Resources */,
				796CE7D01DB6DAC50044F433 /* Utilities */,
				793196B51DB6B83000126E17 /* AppDelegate.swift */,
				793196B91DB6B83000126E17 /* Main.storyboard */,
				793196BC1DB6B83000126E17 /* Assets.xcassets */,
				793196BE1DB6B83000126E17 /* LaunchScreen.storyboard */,
				793196C11DB6B83000126E17 /* Info.plist */,
			);
			path = Pokedex;
			sourceTree = "<group>";
		};
		793196C91DB6BCAF00126E17 /* Model */ = {
			isa = PBXGroup;
			children = (
				793196CA1DB6BCC500126E17 /* Pokemon.swift */,
				79D03A761DBBAB7100457133 /* movesCell.swift */,
			);
			name = Model;
			sourceTree = "<group>";
		};
		793196CE1DB6C24900126E17 /* View */ = {
			isa = PBXGroup;
			children = (
				793196CF1DB6C27400126E17 /* PokeCell.swift */,
			);
			name = View;
			sourceTree = "<group>";
		};
		796CE7CE1DB6DA530044F433 /* Controller */ = {
			isa = PBXGroup;
			children = (
				793196B71DB6B83000126E17 /* ViewController.swift */,
				796CE7D31DB6E5140044F433 /* PokemonDetailVC.swift */,
			);
			name = Controller;
			sourceTree = "<group>";
		};
		796CE7CF1DB6DA6C0044F433 /* Resources */ = {
			isa = PBXGroup;
			children = (
				796CE7D11DB6DD8E0044F433 /* music.mp3 */,
				796CE7CC1DB6DA130044F433 /* PokemonHollow.ttf */,
				796CE7CD1DB6DA130044F433 /* Pokemon.ttf */,
				793196CC1DB6BFD600126E17 /* bg.jpg */,
				793196C71DB6BB9800126E17 /* pokemon.csv */,
			);
			name = Resources;
			sourceTree = "<group>";
		};
		796CE7D01DB6DAC50044F433 /* Utilities */ = {
			isa = PBXGroup;
			children = (
				796CE7CA1DB6D6670044F433 /* csv.swift */,
				7977088F1DB8449200B52A05 /* Constants.swift */,
			);
			name = Utilities;
			sourceTree = "<group>";
		};
		C58BAFDEBE65C914E5BA0E77 /* Frameworks */ = {
			isa = PBXGroup;
			children = (
				1A11DD026B37F05A2E5BC973 /* Pods_Pokedex.framework */,
			);
			name = Frameworks;
			sourceTree = "<group>";
		};
		E0FB9D25BEEC57D621271934 /* Pods */ = {
			isa = PBXGroup;
			children = (
				0DE4C8EC7EBAEB349919B595 /* Pods-Pokedex.debug.xcconfig */,
				DC264D3BF5E15847F1E002D1 /* Pods-Pokedex.release.xcconfig */,
			);
			name = Pods;
			sourceTree = "<group>";
		};
/* End PBXGroup section */

/* Begin PBXNativeTarget section */
		793196B11DB6B83000126E17 /* Pokedex */ = {
			isa = PBXNativeTarget;
			buildConfigurationList = 793196C41DB6B83000126E17 /* Build configuration list for PBXNativeTarget "Pokedex" */;
			buildPhases = (
				50E1F28821E5DF45A862EAB2 /* [CP] Check Pods Manifest.lock */,
				793196AE1DB6B83000126E17 /* Sources */,
				793196AF1DB6B83000126E17 /* Frameworks */,
				793196B01DB6B83000126E17 /* Resources */,
				5154EE1B0A5F6F22EA4ABC4D /* [CP] Embed Pods Frameworks */,
				7CEBC20F42307B548C0773F3 /* [CP] Copy Pods Resources */,
			);
			buildRules = (
			);
			dependencies = (
			);
			name = Pokedex;
			productName = Pokedex;
			productReference = 793196B21DB6B83000126E17 /* Pokedex.app */;
			productType = "com.apple.product-type.application";
		};
/* End PBXNativeTarget section */

/* Begin PBXProject section */
		793196AA1DB6B83000126E17 /* Project object */ = {
			isa = PBXProject;
			attributes = {
				LastSwiftUpdateCheck = 0810;
				LastUpgradeCheck = 0800;
				ORGANIZATIONNAME = "Dustin Hullett";
				TargetAttributes = {
					793196B11DB6B83000126E17 = {
						CreatedOnToolsVersion = 8.1;
						DevelopmentTeam = JF363BN24A;
						LastSwiftMigration = 0800;
						ProvisioningStyle = Automatic;
					};
				};
			};
			buildConfigurationList = 793196AD1DB6B83000126E17 /* Build configuration list for PBXProject "Pokedex" */;
			compatibilityVersion = "Xcode 3.2";
			developmentRegion = English;
			hasScannedForEncodings = 0;
			knownRegions = (
				en,
				Base,
			);
			mainGroup = 793196A91DB6B83000126E17;
			productRefGroup = 793196B31DB6B83000126E17 /* Products */;
			projectDirPath = "";
			projectRoot = "";
			targets = (
				793196B11DB6B83000126E17 /* Pokedex */,
			);
		};
/* End PBXProject section */

/* Begin PBXResourcesBuildPhase section */
		793196B01DB6B83000126E17 /* Resources */ = {
			isa = PBXResourcesBuildPhase;
			buildActionMask = 2147483647;
			files = (
				79ED322C1DB9916D00813E7A /* Pokemon.ttf in Resources */,
				79ED322B1DB9916300813E7A /* PokemonHollow.ttf in Resources */,
				793196CD1DB6BFD600126E17 /* bg.jpg in Resources */,
				793196C01DB6B83000126E17 /* LaunchScreen.storyboard in Resources */,
				796CE7D21DB6DD8E0044F433 /* music.mp3 in Resources */,
				793196BD1DB6B83000126E17 /* Assets.xcassets in Resources */,
				793196C81DB6BB9800126E17 /* pokemon.csv in Resources */,
				793196BB1DB6B83000126E17 /* Main.storyboard in Resources */,
			);
			runOnlyForDeploymentPostprocessing = 0;
		};
/* End PBXResourcesBuildPhase section */

/* Begin PBXShellScriptBuildPhase section */
		50E1F28821E5DF45A862EAB2 /* [CP] Check Pods Manifest.lock */ = {
			isa = PBXShellScriptBuildPhase;
			buildActionMask = 2147483647;
			files = (
			);
			inputPaths = (
			);
			name = "[CP] Check Pods Manifest.lock";
			outputPaths = (
			);
			runOnlyForDeploymentPostprocessing = 0;
			shellPath = /bin/sh;
			shellScript = "diff \"${PODS_ROOT}/../Podfile.lock\" \"${PODS_ROOT}/Manifest.lock\" > /dev/null\nif [ $? != 0 ] ; then\n    # print error to STDERR\n    echo \"error: The sandbox is not in sync with the Podfile.lock. Run 'pod install' or update your CocoaPods installation.\" >&2\n    exit 1\nfi\n";
			showEnvVarsInLog = 0;
		};
		5154EE1B0A5F6F22EA4ABC4D /* [CP] Embed Pods Frameworks */ = {
			isa = PBXShellScriptBuildPhase;
			buildActionMask = 2147483647;
			files = (
			);
			inputPaths = (
			);
			name = "[CP] Embed Pods Frameworks";
			outputPaths = (
			);
			runOnlyForDeploymentPostprocessing = 0;
			shellPath = /bin/sh;
			shellScript = "\"${SRCROOT}/Pods/Target Support Files/Pods-Pokedex/Pods-Pokedex-frameworks.sh\"\n";
			showEnvVarsInLog = 0;
		};
		7CEBC20F42307B548C0773F3 /* [CP] Copy Pods Resources */ = {
			isa = PBXShellScriptBuildPhase;
			buildActionMask = 2147483647;
			files = (
			);
			inputPaths = (
			);
			name = "[CP] Copy Pods Resources";
			outputPaths = (
			);
			runOnlyForDeploymentPostprocessing = 0;
			shellPath = /bin/sh;
			shellScript = "\"${SRCROOT}/Pods/Target Support Files/Pods-Pokedex/Pods-Pokedex-resources.sh\"\n";
			showEnvVarsInLog = 0;
		};
/* End PBXShellScriptBuildPhase section */

/* Begin PBXSourcesBuildPhase section */
		793196AE1DB6B83000126E17 /* Sources */ = {
			isa = PBXSourcesBuildPhase;
			buildActionMask = 2147483647;
			files = (
				793196D01DB6C27400126E17 /* PokeCell.swift in Sources */,
				793196B81DB6B83000126E17 /* ViewController.swift in Sources */,
				793196B61DB6B83000126E17 /* AppDelegate.swift in Sources */,
				796CE7D41DB6E5140044F433 /* PokemonDetailVC.swift in Sources */,
				79D03A771DBBAB7100457133 /* movesCell.swift in Sources */,
				797708901DB8449200B52A05 /* Constants.swift in Sources */,
				793196CB1DB6BCC500126E17 /* Pokemon.swift in Sources */,
				796CE7CB1DB6D6670044F433 /* csv.swift in Sources */,
			);
			runOnlyForDeploymentPostprocessing = 0;
		};
/* End PBXSourcesBuildPhase section */

/* Begin PBXVariantGroup section */
		793196B91DB6B83000126E17 /* Main.storyboard */ = {
			isa = PBXVariantGroup;
			children = (
				793196BA1DB6B83000126E17 /* Base */,
			);
			name = Main.storyboard;
			sourceTree = "<group>";
		};
		793196BE1DB6B83000126E17 /* LaunchScreen.storyboard */ = {
			isa = PBXVariantGroup;
			children = (
				793196BF1DB6B83000126E17 /* Base */,
			);
			name = LaunchScreen.storyboard;
			sourceTree = "<group>";
		};
/* End PBXVariantGroup section */

/* Begin XCBuildConfiguration section */
		793196C21DB6B83000126E17 /* Debug */ = {
			isa = XCBuildConfiguration;
			buildSettings = {
				ALWAYS_SEARCH_USER_PATHS = NO;
				CLANG_ANALYZER_NONNULL = YES;
				CLANG_CXX_LANGUAGE_STANDARD = "gnu++0x";
				CLANG_CXX_LIBRARY = "libc++";
				CLANG_ENABLE_MODULES = YES;
				CLANG_ENABLE_OBJC_ARC = YES;
				CLANG_WARN_BOOL_CONVERSION = YES;
				CLANG_WARN_CONSTANT_CONVERSION = YES;
				CLANG_WARN_DIRECT_OBJC_ISA_USAGE = YES_ERROR;
				CLANG_WARN_DOCUMENTATION_COMMENTS = YES;
				CLANG_WARN_EMPTY_BODY = YES;
				CLANG_WARN_ENUM_CONVERSION = YES;
				CLANG_WARN_INFINITE_RECURSION = YES;
				CLANG_WARN_INT_CONVERSION = YES;
				CLANG_WARN_OBJC_ROOT_CLASS = YES_ERROR;
				CLANG_WARN_SUSPICIOUS_MOVE = YES;
				CLANG_WARN_SUSPICIOUS_MOVES = YES;
				CLANG_WARN_UNREACHABLE_CODE = YES;
				CLANG_WARN__DUPLICATE_METHOD_MATCH = YES;
				"CODE_SIGN_IDENTITY[sdk=iphoneos*]" = "iPhone Developer";
				COPY_PHASE_STRIP = NO;
				DEBUG_INFORMATION_FORMAT = dwarf;
				ENABLE_STRICT_OBJC_MSGSEND = YES;
				ENABLE_TESTABILITY = YES;
				GCC_C_LANGUAGE_STANDARD = gnu99;
				GCC_DYNAMIC_NO_PIC = NO;
				GCC_NO_COMMON_BLOCKS = YES;
				GCC_OPTIMIZATION_LEVEL = 0;
				GCC_PREPROCESSOR_DEFINITIONS = (
					"DEBUG=1",
					"$(inherited)",
				);
				GCC_WARN_64_TO_32_BIT_CONVERSION = YES;
				GCC_WARN_ABOUT_RETURN_TYPE = YES_ERROR;
				GCC_WARN_UNDECLARED_SELECTOR = YES;
				GCC_WARN_UNINITIALIZED_AUTOS = YES_AGGRESSIVE;
				GCC_WARN_UNUSED_FUNCTION = YES;
				GCC_WARN_UNUSED_VARIABLE = YES;
				IPHONEOS_DEPLOYMENT_TARGET = 10.0;
				MTL_ENABLE_DEBUG_INFO = YES;
				ONLY_ACTIVE_ARCH = YES;
				SDKROOT = iphoneos;
				SWIFT_ACTIVE_COMPILATION_CONDITIONS = DEBUG;
				SWIFT_OPTIMIZATION_LEVEL = "-Onone";
			};
			name = Debug;
		};
		793196C31DB6B83000126E17 /* Release */ = {
			isa = XCBuildConfiguration;
			buildSettings = {
				ALWAYS_SEARCH_USER_PATHS = NO;
				CLANG_ANALYZER_NONNULL = YES;
				CLANG_CXX_LANGUAGE_STANDARD = "gnu++0x";
				CLANG_CXX_LIBRARY = "libc++";
				CLANG_ENABLE_MODULES = YES;
				CLANG_ENABLE_OBJC_ARC = YES;
				CLANG_WARN_BOOL_CONVERSION = YES;
				CLANG_WARN_CONSTANT_CONVERSION = YES;
				CLANG_WARN_DIRECT_OBJC_ISA_USAGE = YES_ERROR;
				CLANG_WARN_DOCUMENTATION_COMMENTS = YES;
				CLANG_WARN_EMPTY_BODY = YES;
				CLANG_WARN_ENUM_CONVERSION = YES;
				CLANG_WARN_INFINITE_RECURSION = YES;
				CLANG_WARN_INT_CONVERSION = YES;
				CLANG_WARN_OBJC_ROOT_CLASS = YES_ERROR;
				CLANG_WARN_SUSPICIOUS_MOVE = YES;
				CLANG_WARN_SUSPICIOUS_MOVES = YES;
				CLANG_WARN_UNREACHABLE_CODE = YES;
				CLANG_WARN__DUPLICATE_METHOD_MATCH = YES;
				"CODE_SIGN_IDENTITY[sdk=iphoneos*]" = "iPhone Developer";
				COPY_PHASE_STRIP = NO;
				DEBUG_INFORMATION_FORMAT = "dwarf-with-dsym";
				ENABLE_NS_ASSERTIONS = NO;
				ENABLE_STRICT_OBJC_MSGSEND = YES;
				GCC_C_LANGUAGE_STANDARD = gnu99;
				GCC_NO_COMMON_BLOCKS = YES;
				GCC_WARN_64_TO_32_BIT_CONVERSION = YES;
				GCC_WARN_ABOUT_RETURN_TYPE = YES_ERROR;
				GCC_WARN_UNDECLARED_SELECTOR = YES;
				GCC_WARN_UNINITIALIZED_AUTOS = YES_AGGRESSIVE;
				GCC_WARN_UNUSED_FUNCTION = YES;
				GCC_WARN_UNUSED_VARIABLE = YES;
				IPHONEOS_DEPLOYMENT_TARGET = 10.0;
				MTL_ENABLE_DEBUG_INFO = NO;
				SDKROOT = iphoneos;
				SWIFT_OPTIMIZATION_LEVEL = "-Owholemodule";
				VALIDATE_PRODUCT = YES;
			};
			name = Release;
		};
		793196C51DB6B83000126E17 /* Debug */ = {
			isa = XCBuildConfiguration;
			baseConfigurationReference = 0DE4C8EC7EBAEB349919B595 /* Pods-Pokedex.debug.xcconfig */;
			buildSettings = {
				ALWAYS_EMBED_SWIFT_STANDARD_LIBRARIES = YES;
				ASSETCATALOG_COMPILER_APPICON_NAME = AppIcon;
				DEVELOPMENT_TEAM = JF363BN24A;
				INFOPLIST_FILE = Pokedex/Info.plist;
				IPHONEOS_DEPLOYMENT_TARGET = 10.0;
				LD_RUNPATH_SEARCH_PATHS = "$(inherited) @executable_path/Frameworks";
				PRODUCT_BUNDLE_IDENTIFIER = "Dustin-Hullett.Pokedex";
				PRODUCT_NAME = "$(TARGET_NAME)";
				SWIFT_VERSION = 3.0;
			};
			name = Debug;
		};
		793196C61DB6B83000126E17 /* Release */ = {
			isa = XCBuildConfiguration;
			baseConfigurationReference = DC264D3BF5E15847F1E002D1 /* Pods-Pokedex.release.xcconfig */;
			buildSettings = {
				ALWAYS_EMBED_SWIFT_STANDARD_LIBRARIES = YES;
				ASSETCATALOG_COMPILER_APPICON_NAME = AppIcon;
				DEVELOPMENT_TEAM = JF363BN24A;
				INFOPLIST_FILE = Pokedex/Info.plist;
				IPHONEOS_DEPLOYMENT_TARGET = 10.0;
				LD_RUNPATH_SEARCH_PATHS = "$(inherited) @executable_path/Frameworks";
				PRODUCT_BUNDLE_IDENTIFIER = "Dustin-Hullett.Pokedex";
				PRODUCT_NAME = "$(TARGET_NAME)";
				SWIFT_VERSION = 3.0;
			};
			name = Release;
		};
/* End XCBuildConfiguration section */

/* Begin XCConfigurationList section */
		793196AD1DB6B83000126E17 /* Build configuration list for PBXProject "Pokedex" */ = {
			isa = XCConfigurationList;
			buildConfigurations = (
				793196C21DB6B83000126E17 /* Debug */,
				793196C31DB6B83000126E17 /* Release */,
			);
			defaultConfigurationIsVisible = 0;
			defaultConfigurationName = Release;
		};
		793196C41DB6B83000126E17 /* Build configuration list for PBXNativeTarget "Pokedex" */ = {
			isa = XCConfigurationList;
			buildConfigurations = (
				793196C51DB6B83000126E17 /* Debug */,
				793196C61DB6B83000126E17 /* Release */,
			);
			defaultConfigurationIsVisible = 0;
			defaultConfigurationName = Release;
		};
/* End XCConfigurationList section */
	};
	rootObject = 793196AA1DB6B83000126E17 /* Project object */;
}
